
Microsoft Visual Studio Solution File, Format Version 12.00
# Visual Studio Version 16
VisualStudioVersion = 16.0.29209.62
MinimumVisualStudioVersion = 10.0.40219.1
Project("{9A19103F-16F7-4668-BE54-9A1E7A4F7556}") = "Test", "Laboratory4\Test.csproj", "{861018C2-3FD8-4395-A790-98B4D622D38D}"
EndProject
Global
	GlobalSection(SolutionConfigurationPlatforms) = preSolution
		Debug|Any CPU = Debug|Any CPU
		Release|Any CPU = Release|Any CPU
	EndGlobalSection
	GlobalSection(ProjectConfigurationPlatforms) = postSolution
		{861018C2-3FD8-4395-A790-98B4D622D38D}.Debug|Any CPU.ActiveCfg = Debug|Any CPU
		{861018C2-3FD8-4395-A790-98B4D622D38D}.Debug|Any CPU.Build.0 = Debug|Any CPU
		{861018C2-3FD8-4395-A790-98B4D622D38D}.Release|Any CPU.ActiveCfg = Release|Any CPU
		{861018C2-3FD8-4395-A790-98B4D622D38D}.Release|Any CPU.Build.0 = Release|Any CPU
	EndGlobalSection
	GlobalSection(SolutionProperties) = preSolution
		HideSolutionNode = FALSE
	EndGlobalSection
	GlobalSection(ExtensibilityGlobals) = postSolution
		SolutionGuid = {8E92B939-0204-4539-B093-BB4F672C2703}
	EndGlobalSection
EndGlobal
